
Microsoft Visual Studio Solution File, Format Version 12.00
# Visual Studio Version 17
VisualStudioVersion = 17.9.34714.143
MinimumVisualStudioVersion = 10.0.40219.1
Project("{9A19103F-16F7-4668-BE54-9A1E7A4F7556}") = "BluetoothCodeGeneratordotNetCore", "BluetoothCodeGeneratordotNetCore.csproj", "{6CCA93D2-EC3A-437F-B744-1C32CF099E3F}"
EndProject
Global
	GlobalSection(SolutionConfigurationPlatforms) = preSolution
		Debug|Any CPU = Debug|Any CPU
		Release|Any CPU = Release|Any CPU
	EndGlobalSection
	GlobalSection(ProjectConfigurationPlatforms) = postSolution
		{6CCA93D2-EC3A-437F-B744-1C32CF099E3F}.Debug|Any CPU.ActiveCfg = Debug|Any CPU
		{6CCA93D2-EC3A-437F-B744-1C32CF099E3F}.Debug|Any CPU.Build.0 = Debug|Any CPU
		{6CCA93D2-EC3A-437F-B744-1C32CF099E3F}.Release|Any CPU.ActiveCfg = Release|Any CPU
		{6CCA93D2-EC3A-437F-B744-1C32CF099E3F}.Release|Any CPU.Build.0 = Release|Any CPU
	EndGlobalSection
	GlobalSection(SolutionProperties) = preSolution
		HideSolutionNode = FALSE
	EndGlobalSection
	GlobalSection(ExtensibilityGlobals) = postSolution
		SolutionGuid = {8ACAB45A-9AB3-4679-AA5A-35AFB0C2A236}
	EndGlobalSection
	GlobalSection(SharedMSBuildProjectFiles) = preSolution
		..\BluetoothProtocols\BluetoothProtocols.projitems*{6cca93d2-ec3a-437f-b744-1c32cf099e3f}*SharedItemsImports = 5
		..\TemplateExpander\TemplateExpander.projitems*{6cca93d2-ec3a-437f-b744-1c32cf099e3f}*SharedItemsImports = 5
		..\Utilities\Utilities.projitems*{6cca93d2-ec3a-437f-b744-1c32cf099e3f}*SharedItemsImports = 5
	EndGlobalSection
EndGlobal
